
Microsoft Visual Studio Solution File, Format Version 12.00
# Visual Studio Version 16
VisualStudioVersion = 16.0.30804.86
MinimumVisualStudioVersion = 10.0.40219.1
Project("{FAE04EC0-301F-11D3-BF4B-00C04F79EFBC}") = "ConsoleDemo", "ConsoleDemo\ConsoleDemo.csproj", "{45D8987C-9017-4BD2-B29A-B5B910C9FC05}"
EndProject
Global
	GlobalSection(SolutionConfigurationPlatforms) = preSolution
		Debug|Any CPU = Debug|Any CPU
		Release|Any CPU = Release|Any CPU
	EndGlobalSection
	GlobalSection(ProjectConfigurationPlatforms) = postSolution
		{45D8987C-9017-4BD2-B29A-B5B910C9FC05}.Debug|Any CPU.ActiveCfg = Debug|Any CPU
		{45D8987C-9017-4BD2-B29A-B5B910C9FC05}.Debug|Any CPU.Build.0 = Debug|Any CPU
		{45D8987C-9017-4BD2-B29A-B5B910C9FC05}.Release|Any CPU.ActiveCfg = Release|Any CPU
		{45D8987C-9017-4BD2-B29A-B5B910C9FC05}.Release|Any CPU.Build.0 = Release|Any CPU
	EndGlobalSection
	GlobalSection(SolutionProperties) = preSolution
		HideSolutionNode = FALSE
	EndGlobalSection
	GlobalSection(ExtensibilityGlobals) = postSolution
		SolutionGuid = {D2C5CC83-FA6D-4E61-8440-21DFD89624D6}
	EndGlobalSection
EndGlobal
